
Microsoft Visual Studio Solution File, Format Version 12.00
# Visual Studio 15
VisualStudioVersion = 15.0.28307.136
MinimumVisualStudioVersion = 10.0.40219.1
Project("{FAE04EC0-301F-11D3-BF4B-00C04F79EFBC}") = "WanganSuperhighway", "WanganSuperhighway.csproj", "{4CBEF205-1033-4906-8C62-7FC9FA9A32DF}"
EndProject
Global
	GlobalSection(SolutionConfigurationPlatforms) = preSolution
		Debug|Any CPU = Debug|Any CPU
		Release|Any CPU = Release|Any CPU
	EndGlobalSection
	GlobalSection(ProjectConfigurationPlatforms) = postSolution
		{4CBEF205-1033-4906-8C62-7FC9FA9A32DF}.Debug|Any CPU.ActiveCfg = Debug|Any CPU
		{4CBEF205-1033-4906-8C62-7FC9FA9A32DF}.Debug|Any CPU.Build.0 = Debug|Any CPU
		{4CBEF205-1033-4906-8C62-7FC9FA9A32DF}.Release|Any CPU.ActiveCfg = Release|Any CPU
		{4CBEF205-1033-4906-8C62-7FC9FA9A32DF}.Release|Any CPU.Build.0 = Release|Any CPU
	EndGlobalSection
	GlobalSection(SolutionProperties) = preSolution
		HideSolutionNode = FALSE
	EndGlobalSection
	GlobalSection(ExtensibilityGlobals) = postSolution
		SolutionGuid = {4DBA65A3-8B81-4C4C-A2A7-FD20624C7F79}
	EndGlobalSection
EndGlobal
